// !$*UTF8*$!
{
	archiveVersion = 1;
	classes = {
	};
	objectVersion = 56;
	objects = {

/* Begin PBXBuildFile section */
		590272E529433981009F721A /* InfoButton.swift in Sources */ = {isa = PBXBuildFile; fileRef = 590272E429433981009F721A /* InfoButton.swift */; };
		590272E729433D0E009F721A /* InfoView.swift in Sources */ = {isa = PBXBuildFile; fileRef = 590272E629433D0E009F721A /* InfoView.swift */; };
		590272E92948AC2A009F721A /* AddQuestionsView.swift in Sources */ = {isa = PBXBuildFile; fileRef = 590272E82948AC2A009F721A /* AddQuestionsView.swift */; };
		590272EB2949E14B009F721A /* AddQuizButton.swift in Sources */ = {isa = PBXBuildFile; fileRef = 590272EA2949E14B009F721A /* AddQuizButton.swift */; };
		5924E883292F9AF20012851F /* Themenauswahl.swift in Sources */ = {isa = PBXBuildFile; fileRef = 5924E882292F9AF20012851F /* Themenauswahl.swift */; };
		5924E889292FA4050012851F /* QuizView.swift in Sources */ = {isa = PBXBuildFile; fileRef = 5924E888292FA4050012851F /* QuizView.swift */; };
		5924E88E292FB1490012851F /* Questions.swift in Sources */ = {isa = PBXBuildFile; fileRef = 5924E88D292FB1490012851F /* Questions.swift */; };
		597877372931047100D1C086 /* PlayButton.swift in Sources */ = {isa = PBXBuildFile; fileRef = 597877362931047100D1C086 /* PlayButton.swift */; };
		5978773B2931096F00D1C086 /* SchuleButton.swift in Sources */ = {isa = PBXBuildFile; fileRef = 5978773A2931096F00D1C086 /* SchuleButton.swift */; };
		5978773D29310A2A00D1C086 /* AlltagButton.swift in Sources */ = {isa = PBXBuildFile; fileRef = 5978773C29310A2A00D1C086 /* AlltagButton.swift */; };
		5978773F2933AC3C00D1C086 /* UniversityButton.swift in Sources */ = {isa = PBXBuildFile; fileRef = 5978773E2933AC3C00D1C086 /* UniversityButton.swift */; };
		597877412933ACF000D1C086 /* Quizauswahl_Universitat.swift in Sources */ = {isa = PBXBuildFile; fileRef = 597877402933ACF000D1C086 /* Quizauswahl_Universitat.swift */; };
		597877432933B3FE00D1C086 /* Quizauswahl_Schule.swift in Sources */ = {isa = PBXBuildFile; fileRef = 597877422933B3FE00D1C086 /* Quizauswahl_Schule.swift */; };
		597877452933B45F00D1C086 /* Quizauswahl_Alltag.swift in Sources */ = {isa = PBXBuildFile; fileRef = 597877442933B45F00D1C086 /* Quizauswahl_Alltag.swift */; };
		5978774A2933B83300D1C086 /* AnswerRow.swift in Sources */ = {isa = PBXBuildFile; fileRef = 597877492933B83200D1C086 /* AnswerRow.swift */; };
		5978775029364DA900D1C086 /* QuizButton.swift in Sources */ = {isa = PBXBuildFile; fileRef = 5978774F29364DA900D1C086 /* QuizButton.swift */; };
		597877582937A7FD00D1C086 /* AllAnswers.swift in Sources */ = {isa = PBXBuildFile; fileRef = 597877572937A7FD00D1C086 /* AllAnswers.swift */; };
		5978775A293F9B7100D1C086 /* CurrentScore.swift in Sources */ = {isa = PBXBuildFile; fileRef = 59787759293F9B7100D1C086 /* CurrentScore.swift */; };
		682DDCA02912746B002067B3 /* QuizTemplate.swift in Sources */ = {isa = PBXBuildFile; fileRef = 682DDC9F2912746B002067B3 /* QuizTemplate.swift */; };
		684B92A429116D6B00D32031 /* SettingsHandler.swift in Sources */ = {isa = PBXBuildFile; fileRef = 684B92A329116D6B00D32031 /* SettingsHandler.swift */; };
		68509FE9293F96E100EE2476 /* PlayerTemplate.swift in Sources */ = {isa = PBXBuildFile; fileRef = 68509FE8293F96E100EE2476 /* PlayerTemplate.swift */; };
		68509FEB293F978500EE2476 /* Players.swift in Sources */ = {isa = PBXBuildFile; fileRef = 68509FEA293F978500EE2476 /* Players.swift */; };
		68509FED293F99AA00EE2476 /* SignUp.swift in Sources */ = {isa = PBXBuildFile; fileRef = 68509FEC293F99AA00EE2476 /* SignUp.swift */; };
		68509FEF293F9F7E00EE2476 /* PlayerChange.swift in Sources */ = {isa = PBXBuildFile; fileRef = 68509FEE293F9F7E00EE2476 /* PlayerChange.swift */; };
		68509FF1293F9FED00EE2476 /* ScoreView.swift in Sources */ = {isa = PBXBuildFile; fileRef = 68509FF0293F9FED00EE2476 /* ScoreView.swift */; };
		68509FF3293FA19300EE2476 /* ScoreViewButton.swift in Sources */ = {isa = PBXBuildFile; fileRef = 68509FF2293FA19300EE2476 /* ScoreViewButton.swift */; };
		68509FF52940CA8000EE2476 /* ScoreComparison.swift in Sources */ = {isa = PBXBuildFile; fileRef = 68509FF42940CA8000EE2476 /* ScoreComparison.swift */; };
		68797AE729112C3300E1572B /* GendernAppApp.swift in Sources */ = {isa = PBXBuildFile; fileRef = 68797AE629112C3300E1572B /* GendernAppApp.swift */; };
		68797AE929112C3300E1572B /* ContentView.swift in Sources */ = {isa = PBXBuildFile; fileRef = 68797AE829112C3300E1572B /* ContentView.swift */; };
		68797AEB29112C3300E1572B /* Assets.xcassets in Resources */ = {isa = PBXBuildFile; fileRef = 68797AEA29112C3300E1572B /* Assets.xcassets */; };
		68797AEE29112C3300E1572B /* Preview Assets.xcassets in Resources */ = {isa = PBXBuildFile; fileRef = 68797AED29112C3300E1572B /* Preview Assets.xcassets */; };
		68797AF829112C3300E1572B /* GendernAppTests.swift in Sources */ = {isa = PBXBuildFile; fileRef = 68797AF729112C3300E1572B /* GendernAppTests.swift */; };
		68797B0229112C3300E1572B /* GendernAppUITests.swift in Sources */ = {isa = PBXBuildFile; fileRef = 68797B0129112C3300E1572B /* GendernAppUITests.swift */; };
		68797B0429112C3300E1572B /* GendernAppUITestsLaunchTests.swift in Sources */ = {isa = PBXBuildFile; fileRef = 68797B0329112C3300E1572B /* GendernAppUITestsLaunchTests.swift */; };
/* End PBXBuildFile section */

/* Begin PBXContainerItemProxy section */
		68797AF429112C3300E1572B /* PBXContainerItemProxy */ = {
			isa = PBXContainerItemProxy;
			containerPortal = 68797ADB29112C3300E1572B /* Project object */;
			proxyType = 1;
			remoteGlobalIDString = 68797AE229112C3300E1572B;
			remoteInfo = GendernApp;
		};
		68797AFE29112C3300E1572B /* PBXContainerItemProxy */ = {
			isa = PBXContainerItemProxy;
			containerPortal = 68797ADB29112C3300E1572B /* Project object */;
			proxyType = 1;
			remoteGlobalIDString = 68797AE229112C3300E1572B;
			remoteInfo = GendernApp;
		};
/* End PBXContainerItemProxy section */

/* Begin PBXFileReference section */
		590272E429433981009F721A /* InfoButton.swift */ = {isa = PBXFileReference; lastKnownFileType = sourcecode.swift; path = InfoButton.swift; sourceTree = "<group>"; };
		590272E629433D0E009F721A /* InfoView.swift */ = {isa = PBXFileReference; lastKnownFileType = sourcecode.swift; path = InfoView.swift; sourceTree = "<group>"; };
		590272E82948AC2A009F721A /* AddQuestionsView.swift */ = {isa = PBXFileReference; lastKnownFileType = sourcecode.swift; path = AddQuestionsView.swift; sourceTree = "<group>"; };
		590272EA2949E14B009F721A /* AddQuizButton.swift */ = {isa = PBXFileReference; lastKnownFileType = sourcecode.swift; path = AddQuizButton.swift; sourceTree = "<group>"; };
		5924E882292F9AF20012851F /* Themenauswahl.swift */ = {isa = PBXFileReference; lastKnownFileType = sourcecode.swift; path = Themenauswahl.swift; sourceTree = "<group>"; };
		5924E888292FA4050012851F /* QuizView.swift */ = {isa = PBXFileReference; lastKnownFileType = sourcecode.swift; path = QuizView.swift; sourceTree = "<group>"; };
		5924E88D292FB1490012851F /* Questions.swift */ = {isa = PBXFileReference; lastKnownFileType = sourcecode.swift; path = Questions.swift; sourceTree = "<group>"; };
		597877362931047100D1C086 /* PlayButton.swift */ = {isa = PBXFileReference; lastKnownFileType = sourcecode.swift; path = PlayButton.swift; sourceTree = "<group>"; };
		5978773A2931096F00D1C086 /* SchuleButton.swift */ = {isa = PBXFileReference; lastKnownFileType = sourcecode.swift; path = SchuleButton.swift; sourceTree = "<group>"; };
		5978773C29310A2A00D1C086 /* AlltagButton.swift */ = {isa = PBXFileReference; lastKnownFileType = sourcecode.swift; path = AlltagButton.swift; sourceTree = "<group>"; };
		5978773E2933AC3C00D1C086 /* UniversityButton.swift */ = {isa = PBXFileReference; lastKnownFileType = sourcecode.swift; path = UniversityButton.swift; sourceTree = "<group>"; };
		597877402933ACF000D1C086 /* Quizauswahl_Universitat.swift */ = {isa = PBXFileReference; lastKnownFileType = sourcecode.swift; path = Quizauswahl_Universitat.swift; sourceTree = "<group>"; };
		597877422933B3FE00D1C086 /* Quizauswahl_Schule.swift */ = {isa = PBXFileReference; lastKnownFileType = sourcecode.swift; path = Quizauswahl_Schule.swift; sourceTree = "<group>"; };
		597877442933B45F00D1C086 /* Quizauswahl_Alltag.swift */ = {isa = PBXFileReference; lastKnownFileType = sourcecode.swift; path = Quizauswahl_Alltag.swift; sourceTree = "<group>"; };
		597877492933B83200D1C086 /* AnswerRow.swift */ = {isa = PBXFileReference; lastKnownFileType = sourcecode.swift; path = AnswerRow.swift; sourceTree = "<group>"; };
		5978774F29364DA900D1C086 /* QuizButton.swift */ = {isa = PBXFileReference; lastKnownFileType = sourcecode.swift; path = QuizButton.swift; sourceTree = "<group>"; };
		597877572937A7FD00D1C086 /* AllAnswers.swift */ = {isa = PBXFileReference; lastKnownFileType = sourcecode.swift; path = AllAnswers.swift; sourceTree = "<group>"; };
		59787759293F9B7100D1C086 /* CurrentScore.swift */ = {isa = PBXFileReference; lastKnownFileType = sourcecode.swift; path = CurrentScore.swift; sourceTree = "<group>"; };
		682DDC9F2912746B002067B3 /* QuizTemplate.swift */ = {isa = PBXFileReference; lastKnownFileType = sourcecode.swift; path = QuizTemplate.swift; sourceTree = "<group>"; };
		684B92A329116D6B00D32031 /* SettingsHandler.swift */ = {isa = PBXFileReference; lastKnownFileType = sourcecode.swift; path = SettingsHandler.swift; sourceTree = "<group>"; };
		68509FE8293F96E100EE2476 /* PlayerTemplate.swift */ = {isa = PBXFileReference; lastKnownFileType = sourcecode.swift; path = PlayerTemplate.swift; sourceTree = "<group>"; };
		68509FEA293F978500EE2476 /* Players.swift */ = {isa = PBXFileReference; lastKnownFileType = sourcecode.swift; path = Players.swift; sourceTree = "<group>"; };
		68509FEC293F99AA00EE2476 /* SignUp.swift */ = {isa = PBXFileReference; lastKnownFileType = sourcecode.swift; path = SignUp.swift; sourceTree = "<group>"; };
		68509FEE293F9F7E00EE2476 /* PlayerChange.swift */ = {isa = PBXFileReference; lastKnownFileType = sourcecode.swift; path = PlayerChange.swift; sourceTree = "<group>"; };
		68509FF0293F9FED00EE2476 /* ScoreView.swift */ = {isa = PBXFileReference; lastKnownFileType = sourcecode.swift; path = ScoreView.swift; sourceTree = "<group>"; };
		68509FF2293FA19300EE2476 /* ScoreViewButton.swift */ = {isa = PBXFileReference; lastKnownFileType = sourcecode.swift; path = ScoreViewButton.swift; sourceTree = "<group>"; };
		68509FF42940CA8000EE2476 /* ScoreComparison.swift */ = {isa = PBXFileReference; lastKnownFileType = sourcecode.swift; path = ScoreComparison.swift; sourceTree = "<group>"; };
		68797AE329112C3300E1572B /* GendernApp.app */ = {isa = PBXFileReference; explicitFileType = wrapper.application; includeInIndex = 0; path = GendernApp.app; sourceTree = BUILT_PRODUCTS_DIR; };
		68797AE629112C3300E1572B /* GendernAppApp.swift */ = {isa = PBXFileReference; lastKnownFileType = sourcecode.swift; path = GendernAppApp.swift; sourceTree = "<group>"; };
		68797AE829112C3300E1572B /* ContentView.swift */ = {isa = PBXFileReference; lastKnownFileType = sourcecode.swift; path = ContentView.swift; sourceTree = "<group>"; usesTabs = 0; };
		68797AEA29112C3300E1572B /* Assets.xcassets */ = {isa = PBXFileReference; lastKnownFileType = folder.assetcatalog; path = Assets.xcassets; sourceTree = "<group>"; };
		68797AED29112C3300E1572B /* Preview Assets.xcassets */ = {isa = PBXFileReference; lastKnownFileType = folder.assetcatalog; path = "Preview Assets.xcassets"; sourceTree = "<group>"; };
		68797AF329112C3300E1572B /* GendernAppTests.xctest */ = {isa = PBXFileReference; explicitFileType = wrapper.cfbundle; includeInIndex = 0; path = GendernAppTests.xctest; sourceTree = BUILT_PRODUCTS_DIR; };
		68797AF729112C3300E1572B /* GendernAppTests.swift */ = {isa = PBXFileReference; lastKnownFileType = sourcecode.swift; path = GendernAppTests.swift; sourceTree = "<group>"; };
		68797AFD29112C3300E1572B /* GendernAppUITests.xctest */ = {isa = PBXFileReference; explicitFileType = wrapper.cfbundle; includeInIndex = 0; path = GendernAppUITests.xctest; sourceTree = BUILT_PRODUCTS_DIR; };
		68797B0129112C3300E1572B /* GendernAppUITests.swift */ = {isa = PBXFileReference; lastKnownFileType = sourcecode.swift; path = GendernAppUITests.swift; sourceTree = "<group>"; };
		68797B0329112C3300E1572B /* GendernAppUITestsLaunchTests.swift */ = {isa = PBXFileReference; lastKnownFileType = sourcecode.swift; path = GendernAppUITestsLaunchTests.swift; sourceTree = "<group>"; };
/* End PBXFileReference section */

/* Begin PBXFrameworksBuildPhase section */
		68797AE029112C3300E1572B /* Frameworks */ = {
			isa = PBXFrameworksBuildPhase;
			buildActionMask = 2147483647;
			files = (
			);
			runOnlyForDeploymentPostprocessing = 0;
		};
		68797AF029112C3300E1572B /* Frameworks */ = {
			isa = PBXFrameworksBuildPhase;
			buildActionMask = 2147483647;
			files = (
			);
			runOnlyForDeploymentPostprocessing = 0;
		};
		68797AFA29112C3300E1572B /* Frameworks */ = {
			isa = PBXFrameworksBuildPhase;
			buildActionMask = 2147483647;
			files = (
			);
			runOnlyForDeploymentPostprocessing = 0;
		};
/* End PBXFrameworksBuildPhase section */

/* Begin PBXGroup section */
		5924E87E292F93150012851F /* Views */ = {
			isa = PBXGroup;
			children = (
				68797AE829112C3300E1572B /* ContentView.swift */,
				5924E882292F9AF20012851F /* Themenauswahl.swift */,
				597877402933ACF000D1C086 /* Quizauswahl_Universitat.swift */,
				597877422933B3FE00D1C086 /* Quizauswahl_Schule.swift */,
				597877442933B45F00D1C086 /* Quizauswahl_Alltag.swift */,
				5924E888292FA4050012851F /* QuizView.swift */,
				68509FEE293F9F7E00EE2476 /* PlayerChange.swift */,
				68509FF0293F9FED00EE2476 /* ScoreView.swift */,
				590272E629433D0E009F721A /* InfoView.swift */,
				590272E82948AC2A009F721A /* AddQuestionsView.swift */,
			);
			path = Views;
			sourceTree = "<group>";
		};
		5924E88B292FA4ED0012851F /* Structs */ = {
			isa = PBXGroup;
			children = (
				682DDC9F2912746B002067B3 /* QuizTemplate.swift */,
				68509FE8293F96E100EE2476 /* PlayerTemplate.swift */,
			);
			path = Structs;
			sourceTree = "<group>";
		};
		5924E88C292FAECF0012851F /* Klassen */ = {
			isa = PBXGroup;
			children = (
				68509FEA293F978500EE2476 /* Players.swift */,
				684B92A329116D6B00D32031 /* SettingsHandler.swift */,
			);
			path = Klassen;
			sourceTree = "<group>";
		};
		597877352931044F00D1C086 /* Components */ = {
			isa = PBXGroup;
			children = (
				597877362931047100D1C086 /* PlayButton.swift */,
				5978773E2933AC3C00D1C086 /* UniversityButton.swift */,
				5978773A2931096F00D1C086 /* SchuleButton.swift */,
				5978773C29310A2A00D1C086 /* AlltagButton.swift */,
				5978774F29364DA900D1C086 /* QuizButton.swift */,
				68509FEC293F99AA00EE2476 /* SignUp.swift */,
				597877492933B83200D1C086 /* AnswerRow.swift */,
				597877572937A7FD00D1C086 /* AllAnswers.swift */,
				59787759293F9B7100D1C086 /* CurrentScore.swift */,
				68509FF2293FA19300EE2476 /* ScoreViewButton.swift */,
				68509FF42940CA8000EE2476 /* ScoreComparison.swift */,
				590272E429433981009F721A /* InfoButton.swift */,
				590272EA2949E14B009F721A /* AddQuizButton.swift */,
			);
			path = Components;
			sourceTree = "<group>";
		};
		68797ADA29112C3300E1572B = {
			isa = PBXGroup;
			children = (
				68797AE529112C3300E1572B /* GendernApp */,
				68797AF629112C3300E1572B /* GendernAppTests */,
				68797B0029112C3300E1572B /* GendernAppUITests */,
				68797AE429112C3300E1572B /* Products */,
			);
			sourceTree = "<group>";
		};
		68797AE429112C3300E1572B /* Products */ = {
			isa = PBXGroup;
			children = (
				68797AE329112C3300E1572B /* GendernApp.app */,
				68797AF329112C3300E1572B /* GendernAppTests.xctest */,
				68797AFD29112C3300E1572B /* GendernAppUITests.xctest */,
			);
			name = Products;
			sourceTree = "<group>";
		};
		68797AE529112C3300E1572B /* GendernApp */ = {
			isa = PBXGroup;
			children = (
				68797AE629112C3300E1572B /* GendernAppApp.swift */,
				5924E88D292FB1490012851F /* Questions.swift */,
				597877352931044F00D1C086 /* Components */,
				5924E88C292FAECF0012851F /* Klassen */,
				5924E88B292FA4ED0012851F /* Structs */,
				5924E87E292F93150012851F /* Views */,
				68797AEA29112C3300E1572B /* Assets.xcassets */,
				68797AEC29112C3300E1572B /* Preview Content */,
			);
			path = GendernApp;
			sourceTree = "<group>";
		};
		68797AEC29112C3300E1572B /* Preview Content */ = {
			isa = PBXGroup;
			children = (
				68797AED29112C3300E1572B /* Preview Assets.xcassets */,
			);
			path = "Preview Content";
			sourceTree = "<group>";
		};
		68797AF629112C3300E1572B /* GendernAppTests */ = {
			isa = PBXGroup;
			children = (
				68797AF729112C3300E1572B /* GendernAppTests.swift */,
			);
			path = GendernAppTests;
			sourceTree = "<group>";
		};
		68797B0029112C3300E1572B /* GendernAppUITests */ = {
			isa = PBXGroup;
			children = (
				68797B0129112C3300E1572B /* GendernAppUITests.swift */,
				68797B0329112C3300E1572B /* GendernAppUITestsLaunchTests.swift */,
			);
			path = GendernAppUITests;
			sourceTree = "<group>";
		};
/* End PBXGroup section */

/* Begin PBXNativeTarget section */
		68797AE229112C3300E1572B /* GendernApp */ = {
			isa = PBXNativeTarget;
			buildConfigurationList = 68797B0729112C3300E1572B /* Build configuration list for PBXNativeTarget "GendernApp" */;
			buildPhases = (
				68797ADF29112C3300E1572B /* Sources */,
				68797AE029112C3300E1572B /* Frameworks */,
				68797AE129112C3300E1572B /* Resources */,
			);
			buildRules = (
			);
			dependencies = (
			);
			name = GendernApp;
			productName = GendernApp;
			productReference = 68797AE329112C3300E1572B /* GendernApp.app */;
			productType = "com.apple.product-type.application";
		};
		68797AF229112C3300E1572B /* GendernAppTests */ = {
			isa = PBXNativeTarget;
			buildConfigurationList = 68797B0A29112C3300E1572B /* Build configuration list for PBXNativeTarget "GendernAppTests" */;
			buildPhases = (
				68797AEF29112C3300E1572B /* Sources */,
				68797AF029112C3300E1572B /* Frameworks */,
				68797AF129112C3300E1572B /* Resources */,
			);
			buildRules = (
			);
			dependencies = (
				68797AF529112C3300E1572B /* PBXTargetDependency */,
			);
			name = GendernAppTests;
			productName = GendernAppTests;
			productReference = 68797AF329112C3300E1572B /* GendernAppTests.xctest */;
			productType = "com.apple.product-type.bundle.unit-test";
		};
		68797AFC29112C3300E1572B /* GendernAppUITests */ = {
			isa = PBXNativeTarget;
			buildConfigurationList = 68797B0D29112C3300E1572B /* Build configuration list for PBXNativeTarget "GendernAppUITests" */;
			buildPhases = (
				68797AF929112C3300E1572B /* Sources */,
				68797AFA29112C3300E1572B /* Frameworks */,
				68797AFB29112C3300E1572B /* Resources */,
			);
			buildRules = (
			);
			dependencies = (
				68797AFF29112C3300E1572B /* PBXTargetDependency */,
			);
			name = GendernAppUITests;
			productName = GendernAppUITests;
			productReference = 68797AFD29112C3300E1572B /* GendernAppUITests.xctest */;
			productType = "com.apple.product-type.bundle.ui-testing";
		};
/* End PBXNativeTarget section */

/* Begin PBXProject section */
		68797ADB29112C3300E1572B /* Project object */ = {
			isa = PBXProject;
			attributes = {
				BuildIndependentTargetsInParallel = 1;
				LastSwiftUpdateCheck = 1400;
				LastUpgradeCheck = 1400;
				TargetAttributes = {
					68797AE229112C3300E1572B = {
						CreatedOnToolsVersion = 14.0.1;
					};
					68797AF229112C3300E1572B = {
						CreatedOnToolsVersion = 14.0.1;
						TestTargetID = 68797AE229112C3300E1572B;
					};
					68797AFC29112C3300E1572B = {
						CreatedOnToolsVersion = 14.0.1;
						TestTargetID = 68797AE229112C3300E1572B;
					};
				};
			};
			buildConfigurationList = 68797ADE29112C3300E1572B /* Build configuration list for PBXProject "GendernApp" */;
			compatibilityVersion = "Xcode 14.0";
			developmentRegion = en;
			hasScannedForEncodings = 0;
			knownRegions = (
				en,
				Base,
			);
			mainGroup = 68797ADA29112C3300E1572B;
			productRefGroup = 68797AE429112C3300E1572B /* Products */;
			projectDirPath = "";
			projectRoot = "";
			targets = (
				68797AE229112C3300E1572B /* GendernApp */,
				68797AF229112C3300E1572B /* GendernAppTests */,
				68797AFC29112C3300E1572B /* GendernAppUITests */,
			);
		};
/* End PBXProject section */

/* Begin PBXResourcesBuildPhase section */
		68797AE129112C3300E1572B /* Resources */ = {
			isa = PBXResourcesBuildPhase;
			buildActionMask = 2147483647;
			files = (
				68797AEE29112C3300E1572B /* Preview Assets.xcassets in Resources */,
				68797AEB29112C3300E1572B /* Assets.xcassets in Resources */,
			);
			runOnlyForDeploymentPostprocessing = 0;
		};
		68797AF129112C3300E1572B /* Resources */ = {
			isa = PBXResourcesBuildPhase;
			buildActionMask = 2147483647;
			files = (
			);
			runOnlyForDeploymentPostprocessing = 0;
		};
		68797AFB29112C3300E1572B /* Resources */ = {
			isa = PBXResourcesBuildPhase;
			buildActionMask = 2147483647;
			files = (
			);
			runOnlyForDeploymentPostprocessing = 0;
		};
/* End PBXResourcesBuildPhase section */

/* Begin PBXSourcesBuildPhase section */
		68797ADF29112C3300E1572B /* Sources */ = {
			isa = PBXSourcesBuildPhase;
			buildActionMask = 2147483647;
			files = (
				5978773B2931096F00D1C086 /* SchuleButton.swift in Sources */,
				684B92A429116D6B00D32031 /* SettingsHandler.swift in Sources */,
				68509FEB293F978500EE2476 /* Players.swift in Sources */,
				5978774A2933B83300D1C086 /* AnswerRow.swift in Sources */,
				68509FE9293F96E100EE2476 /* PlayerTemplate.swift in Sources */,
				5978773D29310A2A00D1C086 /* AlltagButton.swift in Sources */,
				597877372931047100D1C086 /* PlayButton.swift in Sources */,
				590272E529433981009F721A /* InfoButton.swift in Sources */,
				68797AE929112C3300E1572B /* ContentView.swift in Sources */,
				590272EB2949E14B009F721A /* AddQuizButton.swift in Sources */,
				68509FF3293FA19300EE2476 /* ScoreViewButton.swift in Sources */,
				682DDCA02912746B002067B3 /* QuizTemplate.swift in Sources */,
				68509FED293F99AA00EE2476 /* SignUp.swift in Sources */,
				68509FF52940CA8000EE2476 /* ScoreComparison.swift in Sources */,
				5924E889292FA4050012851F /* QuizView.swift in Sources */,
				5978775029364DA900D1C086 /* QuizButton.swift in Sources */,
				597877432933B3FE00D1C086 /* Quizauswahl_Schule.swift in Sources */,
				5924E88E292FB1490012851F /* Questions.swift in Sources */,
				597877582937A7FD00D1C086 /* AllAnswers.swift in Sources */,
				68509FF1293F9FED00EE2476 /* ScoreView.swift in Sources */,
				590272E729433D0E009F721A /* InfoView.swift in Sources */,
				68509FEF293F9F7E00EE2476 /* PlayerChange.swift in Sources */,
				5978773F2933AC3C00D1C086 /* UniversityButton.swift in Sources */,
				5978775A293F9B7100D1C086 /* CurrentScore.swift in Sources */,
				597877452933B45F00D1C086 /* Quizauswahl_Alltag.swift in Sources */,
				590272E92948AC2A009F721A /* AddQuestionsView.swift in Sources */,
				5924E883292F9AF20012851F /* Themenauswahl.swift in Sources */,
				597877412933ACF000D1C086 /* Quizauswahl_Universitat.swift in Sources */,
				68797AE729112C3300E1572B /* GendernAppApp.swift in Sources */,
			);
			runOnlyForDeploymentPostprocessing = 0;
		};
		68797AEF29112C3300E1572B /* Sources */ = {
			isa = PBXSourcesBuildPhase;
			buildActionMask = 2147483647;
			files = (
				68797AF829112C3300E1572B /* GendernAppTests.swift in Sources */,
			);
			runOnlyForDeploymentPostprocessing = 0;
		};
		68797AF929112C3300E1572B /* Sources */ = {
			isa = PBXSourcesBuildPhase;
			buildActionMask = 2147483647;
			files = (
				68797B0429112C3300E1572B /* GendernAppUITestsLaunchTests.swift in Sources */,
				68797B0229112C3300E1572B /* GendernAppUITests.swift in Sources */,
			);
			runOnlyForDeploymentPostprocessing = 0;
		};
/* End PBXSourcesBuildPhase section */

/* Begin PBXTargetDependency section */
		68797AF529112C3300E1572B /* PBXTargetDependency */ = {
			isa = PBXTargetDependency;
			target = 68797AE229112C3300E1572B /* GendernApp */;
			targetProxy = 68797AF429112C3300E1572B /* PBXContainerItemProxy */;
		};
		68797AFF29112C3300E1572B /* PBXTargetDependency */ = {
			isa = PBXTargetDependency;
			target = 68797AE229112C3300E1572B /* GendernApp */;
			targetProxy = 68797AFE29112C3300E1572B /* PBXContainerItemProxy */;
		};
/* End PBXTargetDependency section */

/* Begin XCBuildConfiguration section */
		68797B0529112C3300E1572B /* Debug */ = {
			isa = XCBuildConfiguration;
			buildSettings = {
				ALWAYS_SEARCH_USER_PATHS = NO;
				CLANG_ANALYZER_NONNULL = YES;
				CLANG_ANALYZER_NUMBER_OBJECT_CONVERSION = YES_AGGRESSIVE;
				CLANG_CXX_LANGUAGE_STANDARD = "gnu++20";
				CLANG_ENABLE_MODULES = YES;
				CLANG_ENABLE_OBJC_ARC = YES;
				CLANG_ENABLE_OBJC_WEAK = YES;
				CLANG_WARN_BLOCK_CAPTURE_AUTORELEASING = YES;
				CLANG_WARN_BOOL_CONVERSION = YES;
				CLANG_WARN_COMMA = YES;
				CLANG_WARN_CONSTANT_CONVERSION = YES;
				CLANG_WARN_DEPRECATED_OBJC_IMPLEMENTATIONS = YES;
				CLANG_WARN_DIRECT_OBJC_ISA_USAGE = YES_ERROR;
				CLANG_WARN_DOCUMENTATION_COMMENTS = YES;
				CLANG_WARN_EMPTY_BODY = YES;
				CLANG_WARN_ENUM_CONVERSION = YES;
				CLANG_WARN_INFINITE_RECURSION = YES;
				CLANG_WARN_INT_CONVERSION = YES;
				CLANG_WARN_NON_LITERAL_NULL_CONVERSION = YES;
				CLANG_WARN_OBJC_IMPLICIT_RETAIN_SELF = YES;
				CLANG_WARN_OBJC_LITERAL_CONVERSION = YES;
				CLANG_WARN_OBJC_ROOT_CLASS = YES_ERROR;
				CLANG_WARN_QUOTED_INCLUDE_IN_FRAMEWORK_HEADER = YES;
				CLANG_WARN_RANGE_LOOP_ANALYSIS = YES;
				CLANG_WARN_STRICT_PROTOTYPES = YES;
				CLANG_WARN_SUSPICIOUS_MOVE = YES;
				CLANG_WARN_UNGUARDED_AVAILABILITY = YES_AGGRESSIVE;
				CLANG_WARN_UNREACHABLE_CODE = YES;
				CLANG_WARN__DUPLICATE_METHOD_MATCH = YES;
				COPY_PHASE_STRIP = NO;
				DEBUG_INFORMATION_FORMAT = dwarf;
				ENABLE_STRICT_OBJC_MSGSEND = YES;
				ENABLE_TESTABILITY = YES;
				GCC_C_LANGUAGE_STANDARD = gnu11;
				GCC_DYNAMIC_NO_PIC = NO;
				GCC_NO_COMMON_BLOCKS = YES;
				GCC_OPTIMIZATION_LEVEL = 0;
				GCC_PREPROCESSOR_DEFINITIONS = (
					"DEBUG=1",
					"$(inherited)",
				);
				GCC_WARN_64_TO_32_BIT_CONVERSION = YES;
				GCC_WARN_ABOUT_RETURN_TYPE = YES_ERROR;
				GCC_WARN_UNDECLARED_SELECTOR = YES;
				GCC_WARN_UNINITIALIZED_AUTOS = YES_AGGRESSIVE;
				GCC_WARN_UNUSED_FUNCTION = YES;
				GCC_WARN_UNUSED_VARIABLE = YES;
				IPHONEOS_DEPLOYMENT_TARGET = 16.0;
				MTL_ENABLE_DEBUG_INFO = INCLUDE_SOURCE;
				MTL_FAST_MATH = YES;
				ONLY_ACTIVE_ARCH = YES;
				SDKROOT = iphoneos;
				SWIFT_ACTIVE_COMPILATION_CONDITIONS = DEBUG;
				SWIFT_OPTIMIZATION_LEVEL = "-Onone";
			};
			name = Debug;
		};
		68797B0629112C3300E1572B /* Release */ = {
			isa = XCBuildConfiguration;
			buildSettings = {
				ALWAYS_SEARCH_USER_PATHS = NO;
				CLANG_ANALYZER_NONNULL = YES;
				CLANG_ANALYZER_NUMBER_OBJECT_CONVERSION = YES_AGGRESSIVE;
				CLANG_CXX_LANGUAGE_STANDARD = "gnu++20";
				CLANG_ENABLE_MODULES = YES;
				CLANG_ENABLE_OBJC_ARC = YES;
				CLANG_ENABLE_OBJC_WEAK = YES;
				CLANG_WARN_BLOCK_CAPTURE_AUTORELEASING = YES;
				CLANG_WARN_BOOL_CONVERSION = YES;
				CLANG_WARN_COMMA = YES;
				CLANG_WARN_CONSTANT_CONVERSION = YES;
				CLANG_WARN_DEPRECATED_OBJC_IMPLEMENTATIONS = YES;
				CLANG_WARN_DIRECT_OBJC_ISA_USAGE = YES_ERROR;
				CLANG_WARN_DOCUMENTATION_COMMENTS = YES;
				CLANG_WARN_EMPTY_BODY = YES;
				CLANG_WARN_ENUM_CONVERSION = YES;
				CLANG_WARN_INFINITE_RECURSION = YES;
				CLANG_WARN_INT_CONVERSION = YES;
				CLANG_WARN_NON_LITERAL_NULL_CONVERSION = YES;
				CLANG_WARN_OBJC_IMPLICIT_RETAIN_SELF = YES;
				CLANG_WARN_OBJC_LITERAL_CONVERSION = YES;
				CLANG_WARN_OBJC_ROOT_CLASS = YES_ERROR;
				CLANG_WARN_QUOTED_INCLUDE_IN_FRAMEWORK_HEADER = YES;
				CLANG_WARN_RANGE_LOOP_ANALYSIS = YES;
				CLANG_WARN_STRICT_PROTOTYPES = YES;
				CLANG_WARN_SUSPICIOUS_MOVE = YES;
				CLANG_WARN_UNGUARDED_AVAILABILITY = YES_AGGRESSIVE;
				CLANG_WARN_UNREACHABLE_CODE = YES;
				CLANG_WARN__DUPLICATE_METHOD_MATCH = YES;
				COPY_PHASE_STRIP = NO;
				DEBUG_INFORMATION_FORMAT = "dwarf-with-dsym";
				ENABLE_NS_ASSERTIONS = NO;
				ENABLE_STRICT_OBJC_MSGSEND = YES;
				GCC_C_LANGUAGE_STANDARD = gnu11;
				GCC_NO_COMMON_BLOCKS = YES;
				GCC_WARN_64_TO_32_BIT_CONVERSION = YES;
				GCC_WARN_ABOUT_RETURN_TYPE = YES_ERROR;
				GCC_WARN_UNDECLARED_SELECTOR = YES;
				GCC_WARN_UNINITIALIZED_AUTOS = YES_AGGRESSIVE;
				GCC_WARN_UNUSED_FUNCTION = YES;
				GCC_WARN_UNUSED_VARIABLE = YES;
				IPHONEOS_DEPLOYMENT_TARGET = 16.0;
				MTL_ENABLE_DEBUG_INFO = NO;
				MTL_FAST_MATH = YES;
				SDKROOT = iphoneos;
				SWIFT_COMPILATION_MODE = wholemodule;
				SWIFT_OPTIMIZATION_LEVEL = "-O";
				VALIDATE_PRODUCT = YES;
			};
			name = Release;
		};
		68797B0829112C3300E1572B /* Debug */ = {
			isa = XCBuildConfiguration;
			buildSettings = {
				ASSETCATALOG_COMPILER_APPICON_NAME = AppIcon;
				ASSETCATALOG_COMPILER_GLOBAL_ACCENT_COLOR_NAME = AccentColor;
				ASSETCATALOG_COMPILER_INCLUDE_ALL_APPICON_ASSETS = NO;
				CODE_SIGN_STYLE = Automatic;
				CURRENT_PROJECT_VERSION = 1;
				DEVELOPMENT_ASSET_PATHS = "\"GendernApp/Preview Content\"";
				DEVELOPMENT_TEAM = 8QLC24D2P8;
				ENABLE_PREVIEWS = YES;
				GENERATE_INFOPLIST_FILE = YES;
				INFOPLIST_KEY_CFBundleDisplayName = GendernLernen;
				INFOPLIST_KEY_LSApplicationCategoryType = "public.app-category.word-games";
				INFOPLIST_KEY_UIApplicationSceneManifest_Generation = YES;
				INFOPLIST_KEY_UIApplicationSupportsIndirectInputEvents = YES;
				INFOPLIST_KEY_UILaunchScreen_Generation = YES;
				INFOPLIST_KEY_UISupportedInterfaceOrientations_iPad = "UIInterfaceOrientationPortrait UIInterfaceOrientationPortraitUpsideDown UIInterfaceOrientationLandscapeLeft UIInterfaceOrientationLandscapeRight";
				INFOPLIST_KEY_UISupportedInterfaceOrientations_iPhone = "UIInterfaceOrientationPortrait UIInterfaceOrientationLandscapeLeft UIInterfaceOrientationLandscapeRight";
				LD_RUNPATH_SEARCH_PATHS = (
					"$(inherited)",
					"@executable_path/Frameworks",
				);
				MARKETING_VERSION = 1.0;
				PRODUCT_BUNDLE_IDENTIFIER = "serious-games.GendernApp";
				PRODUCT_NAME = "$(TARGET_NAME)";
				SWIFT_EMIT_LOC_STRINGS = YES;
				SWIFT_VERSION = 5.0;
				TARGETED_DEVICE_FAMILY = "1,2";
			};
			name = Debug;
		};
		68797B0929112C3300E1572B /* Release */ = {
			isa = XCBuildConfiguration;
			buildSettings = {
				ASSETCATALOG_COMPILER_APPICON_NAME = AppIcon;
				ASSETCATALOG_COMPILER_GLOBAL_ACCENT_COLOR_NAME = AccentColor;
				ASSETCATALOG_COMPILER_INCLUDE_ALL_APPICON_ASSETS = NO;
				CODE_SIGN_STYLE = Automatic;
				CURRENT_PROJECT_VERSION = 1;
				DEVELOPMENT_ASSET_PATHS = "\"GendernApp/Preview Content\"";
				DEVELOPMENT_TEAM = 8QLC24D2P8;
				ENABLE_PREVIEWS = YES;
				GENERATE_INFOPLIST_FILE = YES;
				INFOPLIST_KEY_CFBundleDisplayName = GendernLernen;
				INFOPLIST_KEY_LSApplicationCategoryType = "public.app-category.word-games";
				INFOPLIST_KEY_UIApplicationSceneManifest_Generation = YES;
				INFOPLIST_KEY_UIApplicationSupportsIndirectInputEvents = YES;
				INFOPLIST_KEY_UILaunchScreen_Generation = YES;
				INFOPLIST_KEY_UISupportedInterfaceOrientations_iPad = "UIInterfaceOrientationPortrait UIInterfaceOrientationPortraitUpsideDown UIInterfaceOrientationLandscapeLeft UIInterfaceOrientationLandscapeRight";
				INFOPLIST_KEY_UISupportedInterfaceOrientations_iPhone = "UIInterfaceOrientationPortrait UIInterfaceOrientationLandscapeLeft UIInterfaceOrientationLandscapeRight";
				LD_RUNPATH_SEARCH_PATHS = (
					"$(inherited)",
					"@executable_path/Frameworks",
				);
				MARKETING_VERSION = 1.0;
				PRODUCT_BUNDLE_IDENTIFIER = "serious-games.GendernApp";
				PRODUCT_NAME = "$(TARGET_NAME)";
				SWIFT_EMIT_LOC_STRINGS = YES;
				SWIFT_VERSION = 5.0;
				TARGETED_DEVICE_FAMILY = "1,2";
			};
			name = Release;
		};
		68797B0B29112C3300E1572B /* Debug */ = {
			isa = XCBuildConfiguration;
			buildSettings = {
				ALWAYS_EMBED_SWIFT_STANDARD_LIBRARIES = YES;
				BUNDLE_LOADER = "$(TEST_HOST)";
				CODE_SIGN_STYLE = Automatic;
				CURRENT_PROJECT_VERSION = 1;
				DEVELOPMENT_TEAM = 8QLC24D2P8;
				GENERATE_INFOPLIST_FILE = YES;
				IPHONEOS_DEPLOYMENT_TARGET = 16.0;
				MARKETING_VERSION = 1.0;
				PRODUCT_BUNDLE_IDENTIFIER = "serious-games.GendernAppTests";
				PRODUCT_NAME = "$(TARGET_NAME)";
				SWIFT_EMIT_LOC_STRINGS = NO;
				SWIFT_VERSION = 5.0;
				TARGETED_DEVICE_FAMILY = "1,2";
				TEST_HOST = "$(BUILT_PRODUCTS_DIR)/GendernApp.app/$(BUNDLE_EXECUTABLE_FOLDER_PATH)/GendernApp";
			};
			name = Debug;
		};
		68797B0C29112C3300E1572B /* Release */ = {
			isa = XCBuildConfiguration;
			buildSettings = {
				ALWAYS_EMBED_SWIFT_STANDARD_LIBRARIES = YES;
				BUNDLE_LOADER = "$(TEST_HOST)";
				CODE_SIGN_STYLE = Automatic;
				CURRENT_PROJECT_VERSION = 1;
				DEVELOPMENT_TEAM = 8QLC24D2P8;
				GENERATE_INFOPLIST_FILE = YES;
				IPHONEOS_DEPLOYMENT_TARGET = 16.0;
				MARKETING_VERSION = 1.0;
				PRODUCT_BUNDLE_IDENTIFIER = "serious-games.GendernAppTests";
				PRODUCT_NAME = "$(TARGET_NAME)";
				SWIFT_EMIT_LOC_STRINGS = NO;
				SWIFT_VERSION = 5.0;
				TARGETED_DEVICE_FAMILY = "1,2";
				TEST_HOST = "$(BUILT_PRODUCTS_DIR)/GendernApp.app/$(BUNDLE_EXECUTABLE_FOLDER_PATH)/GendernApp";
			};
			name = Release;
		};
		68797B0E29112C3300E1572B /* Debug */ = {
			isa = XCBuildConfiguration;
			buildSettings = {
				ALWAYS_EMBED_SWIFT_STANDARD_LIBRARIES = YES;
				CODE_SIGN_STYLE = Automatic;
				CURRENT_PROJECT_VERSION = 1;
				DEVELOPMENT_TEAM = 8QLC24D2P8;
				GENERATE_INFOPLIST_FILE = YES;
				MARKETING_VERSION = 1.0;
				PRODUCT_BUNDLE_IDENTIFIER = "serious-games.GendernAppUITests";
				PRODUCT_NAME = "$(TARGET_NAME)";
				SWIFT_EMIT_LOC_STRINGS = NO;
				SWIFT_VERSION = 5.0;
				TARGETED_DEVICE_FAMILY = "1,2";
				TEST_TARGET_NAME = GendernApp;
			};
			name = Debug;
		};
		68797B0F29112C3300E1572B /* Release */ = {
			isa = XCBuildConfiguration;
			buildSettings = {
				ALWAYS_EMBED_SWIFT_STANDARD_LIBRARIES = YES;
				CODE_SIGN_STYLE = Automatic;
				CURRENT_PROJECT_VERSION = 1;
				DEVELOPMENT_TEAM = 8QLC24D2P8;
				GENERATE_INFOPLIST_FILE = YES;
				MARKETING_VERSION = 1.0;
				PRODUCT_BUNDLE_IDENTIFIER = "serious-games.GendernAppUITests";
				PRODUCT_NAME = "$(TARGET_NAME)";
				SWIFT_EMIT_LOC_STRINGS = NO;
				SWIFT_VERSION = 5.0;
				TARGETED_DEVICE_FAMILY = "1,2";
				TEST_TARGET_NAME = GendernApp;
			};
			name = Release;
		};
/* End XCBuildConfiguration section */

/* Begin XCConfigurationList section */
		68797ADE29112C3300E1572B /* Build configuration list for PBXProject "GendernApp" */ = {
			isa = XCConfigurationList;
			buildConfigurations = (
				68797B0529112C3300E1572B /* Debug */,
				68797B0629112C3300E1572B /* Release */,
			);
			defaultConfigurationIsVisible = 0;
			defaultConfigurationName = Release;
		};
		68797B0729112C3300E1572B /* Build configuration list for PBXNativeTarget "GendernApp" */ = {
			isa = XCConfigurationList;
			buildConfigurations = (
				68797B0829112C3300E1572B /* Debug */,
				68797B0929112C3300E1572B /* Release */,
			);
			defaultConfigurationIsVisible = 0;
			defaultConfigurationName = Release;
		};
		68797B0A29112C3300E1572B /* Build configuration list for PBXNativeTarget "GendernAppTests" */ = {
			isa = XCConfigurationList;
			buildConfigurations = (
				68797B0B29112C3300E1572B /* Debug */,
				68797B0C29112C3300E1572B /* Release */,
			);
			defaultConfigurationIsVisible = 0;
			defaultConfigurationName = Release;
		};
		68797B0D29112C3300E1572B /* Build configuration list for PBXNativeTarget "GendernAppUITests" */ = {
			isa = XCConfigurationList;
			buildConfigurations = (
				68797B0E29112C3300E1572B /* Debug */,
				68797B0F29112C3300E1572B /* Release */,
			);
			defaultConfigurationIsVisible = 0;
			defaultConfigurationName = Release;
		};
/* End XCConfigurationList section */
	};
	rootObject = 68797ADB29112C3300E1572B /* Project object */;
}
